github.com/LeBronQ/Mobility v0.0.0-20240320084349-a42be7b6b648 h1:05NDDRa1jzWaesbWI4ehgVtTCGnQboPHG6QtLGBfRYg=
github.com/LeBronQ/Mobility v0.0.0-20240320084349-a42be7b6b648/go.mod h1:Oo/dsXh3CW5Wexz3ptW+3ybMvnrA3r2jmRG+wGmxNBA=
github.com/LeBronQ/Mobility v0.0.0-20240320090245-4d77cedb0a2c h1:qKHbWCLuodhI4zwjHsig/dZVOYVCSH94BtjrCI8v5iA=
github.com/LeBronQ/Mobility v0.0.0-20240320090245-4d77cedb0a2c/go.mod h1:Oo/dsXh3CW5Wexz3ptW+3ybMvnrA3r2jmRG+wGmxNBA=
github.com/LeBronQ/Mobility v0.0.0-20240321033144-57aade5f5963 h1:4uLz/h+5lvRxVmj411Qyxks47otE2QUJbsVu8pW6Wto=
github.com/LeBronQ/Mobility v0.0.0-20240321033144-57aade5f5963/go.mod h1:Oo/dsXh3CW5Wexz3ptW+3ybMvnrA3r2jmRG+wGmxNBA=
github.com/LeBronQ/Mobility v0.0.0-20240325023834-e8dafc329817 h1:0h8qYXn7cFLkd5iotBRkHi9kTVlCiqzvKNEQ5Scij08=
github.com/LeBronQ/Mobility v0.0.0-20240325023834-e8dafc329817/go.mod h1:Oo/dsXh3CW5Wexz3ptW+3ybMvnrA3r2jmRG+wGmxNBA=
github.com/LeBronQ/Mobility v0.0.0-20240325030846-471392006e0f h1:rzbY8aPihSA11/65MKWrwYWb9od5LRqPtVO6BoiUYLw=
github.com/LeBronQ/Mobility v0.0.0-20240325030846-471392006e0f/go.mod h1:Oo/dsXh3CW5Wexz3ptW+3ybMvnrA3r2jmRG+wGmxNBA=
github.com/LeBronQ/Mobility v0.0.0-20240325070417-78204c6044cf h1:9ayDrVtJgdhDg4WJ8lMo83a6BJloQ6pkgC0ev3KYw0k=
github.com/LeBronQ/Mobility v0.0.0-20240325070417-78204c6044cf/go.mod h1:Oo/dsXh3CW5Wexz3ptW+3ybMvnrA3r2jmRG+wGmxNBA=
github.com/LeBronQ/Mobility v0.0.0-20240325071426-5caa97f6564f h1:YLxETaQKlsLl8DBfjb3d23ji/qBxhxe9rbXPif279iY=
github.com/LeBronQ/Mobility v0.0.0-20240325071426-5caa97f6564f/go.mod h1:Oo/dsXh3CW5Wexz3ptW+3ybMvnrA3r2jmRG+wGmxNBA=
github.com/LeBronQ/Mobility v0.0.0-20240327080122-b9b150454efa h1:Qo0AABmQ2McT0ZvQqcsfEZRpOl8EzooCLV9oTNUYiO4=
github.com/LeBronQ/Mobility v0.0.0-20240327080122-b9b150454efa/go.mod h1:Oo/dsXh3CW5Wexz3ptW+3ybMvnrA3r2jmRG+wGmxNBA=
github.com/LeBronQ/RadioChannelModel v0.0.0-20240325081324-960615e8e0c7 h1:Wsgswr00zStY9wrzchFjY5fSY+ItrRmCGfGWu0h7XVY=
github.com/LeBronQ/RadioChannelModel v0.0.0-20240325081324-960615e8e0c7/go.mod h1:g4chvqVdI4dbUzvPZas1loVF8qRnUVZBmac3RfP1/Qw=
github.com/LeBronQ/RadioChannelModel v0.0.0-20240325082417-3df50c16ac05 h1:rile8PRW7jz3HM9fNRHPEhJ/sJULxs5G7JY2nmaCTzM=
github.com/LeBronQ/RadioChannelModel v0.0.0-20240325082417-3df50c16ac05/go.mod h1:g4chvqVdI4dbUzvPZas1loVF8qRnUVZBmac3RfP1/Qw=
github.com/LeBronQ/RadioChannelModel v0.0.0-20240325085726-23d001c2f90a h1:/Gq8uwGy2/ZrC7itQb+tozC8nWx0Wva1xMKIJo9qnIk=
github.com/LeBronQ/RadioChannelModel v0.0.0-20240325085726-23d001c2f90a/go.mod h1:g4chvqVdI4dbUzvPZas1loVF8qRnUVZBmac3RfP1/Qw=
github.com/LeBronQ/RadioChannelModel v0.0.0-20240325091212-6f0ac3ef04dd h1:rGrTvepOG8U339TRzLLV/iFp716NnxX3w7CRCoqKSf4=
github.com/LeBronQ/RadioChannelModel v0.0.0-20240325091212-6f0ac3ef04dd/go.mod h1:g4chvqVdI4dbUzvPZas1loVF8qRnUVZBmac3RfP1/Qw=
github.com/LeBronQ/RadioChannelModel v0.0.0-20240325092656-33255957627b h1:WyQ+XY/cBALhRLTIHkWrvPSJw4Pld+ZAh+XTqb/S85Q=
github.com/LeBronQ/RadioChannelModel v0.0.0-20240325092656-33255957627b/go.mod h1:g4chvqVdI4dbUzvPZas1loVF8qRnUVZBmac3RfP1/Qw=
github.com/LeBronQ/RadioChannelModel v0.0.0-20240326025129-dadec8233451 h1:BGXizITdYaFCSvcJ5dSjzqHDO1JdAoPVfQcjKem+iso=
github.com/LeBronQ/RadioChannelModel v0.0.0-20240326025129-dadec8233451/go.mod h1:g4chvqVdI4dbUzvPZas1loVF8qRnUVZBmac3RfP1/Qw=
github.com/LeBronQ/RadioChannelModel v0.0.0-20240326084719-5fcf73d4b907 h1:aI33iYco8eH/d1dqv8GAhE8kOPAYQjTMDqYEwklnUz0=
github.com/LeBronQ/RadioChannelModel v0.0.0-20240326084719-5fcf73d4b907/go.mod h1:g4chvqVdI4dbUzvPZas1loVF8qRnUVZBmac3RfP1/Qw=
github.com/LeBronQ/RadioChannelModel v0.0.0-20240327025139-645cff6976cf h1:xw1P4Wt2zZUPEP7XENyQPz8dUKFj8JVT0RdvxSMDA4Y=
github.com/LeBronQ/RadioChannelModel v0.0.0-20240327025139-645cff6976cf/go.mod h1:g4chvqVdI4dbUzvPZas1loVF8qRnUVZBmac3RfP1/Qw=
github.com/LeBronQ/RadioChannelModel v0.0.0-20240327074603-fe507554f227 h1:5PatCwJKWau52Q20Jh+EQvasa0UCprEGaIeqyB/BKIQ=
github.com/LeBronQ/RadioChannelModel v0.0.0-20240327074603-fe507554f227/go.mod h1:g4chvqVdI4dbUzvPZas1loVF8qRnUVZBmac3RfP1/Qw=
github.com/LeBronQ/RadioChannelModel v0.0.0-20240329074136-dd3f69b50cf6 h1:fRazsdJoU8MKR1pCS3XW1VH7b/STfnEG19N2XmTDCIc=
github.com/LeBronQ/RadioChannelModel v0.0.0-20240329074136-dd3f69b50cf6/go.mod h1:g4chvqVdI4dbUzvPZas1loVF8qRnUVZBmac3RfP1/Qw=
github.com/LeBronQ/RadioChannelModel v0.0.0-20240401075235-adf33f89be73 h1:Mat3eFWUVWgRl13/japbCYvcddbrGZnFadzm2NMhX9s=
github.com/LeBronQ/RadioChannelModel v0.0.0-20240401075235-adf33f89be73/go.mod h1:g4chvqVdI4dbUzvPZas1loVF8qRnUVZBmac3RfP1/Qw=
github.com/LeBronQ/RadioChannelModel v0.0.0-20240401084704-a7c0b0a5f4e9 h1:YD5aLfuAMOsBxim0juroS/ljaWChpDIIEFZmCLjgQzM=
github.com/LeBronQ/RadioChannelModel v0.0.0-20240401084704-a7c0b0a5f4e9/go.mod h1:g4chvqVdI4dbUzvPZas1loVF8qRnUVZBmac3RfP1/Qw=
github.com/LeBronQ/RadioChannelModel v0.0.0-20240405072416-56d8240334dd h1:uocc/mFqV7hC9yqiCBU9FhrEyJKCO1tzsERT+d2oGzQ=
github.com/LeBronQ/RadioChannelModel v0.0.0-20240405072416-56d8240334dd/go.mod h1:g4chvqVdI4dbUzvPZas1loVF8qRnUVZBmac3RfP1/Qw=
github.com/gonum/blas v0.0.0-20181208220705-f22b278b28ac h1:Q0Jsdxl5jbxouNs1TQYt0gxesYMU4VXRbsTlgDloZ50=
github.com/gonum/blas v0.0.0-20181208220705-f22b278b28ac/go.mod h1:P32wAyui1PQ58Oce/KYkOqQv8cVw1zAapXOl+dRFGbc=
github.com/gonum/floats v0.0.0-20181209220543-c233463c7e82 h1:EvokxLQsaaQjcWVWSV38221VAK7qc2zhaO17bKys/18=
github.com/gonum/floats v0.0.0-20181209220543-c233463c7e82/go.mod h1:PxC8OnwL11+aosOB5+iEPoV3picfs8tUpkVd0pDo+Kg=
github.com/gonum/internal v0.0.0-20181124074243-f884aa714029 h1:8jtTdc+Nfj9AR+0soOeia9UZSvYBvETVHZrugUowJ7M=
github.com/gonum/internal v0.0.0-20181124074243-f884aa714029/go.mod h1:Pu4dmpkhSyOzRwuXkOgAvijx4o+4YMUJJo9OvPYMkks=
github.com/gonum/lapack v0.0.0-20181123203213-e4cdc5a0bff9 h1:7qnwS9+oeSiOIsiUMajT+0R7HR6hw5NegnKPmn/94oI=
github.com/gonum/lapack v0.0.0-20181123203213-e4cdc5a0bff9/go.mod h1:XA3DeT6rxh2EAE789SSiSJNqxPaC0aE9J8NTOI0Jo/A=
github.com/gonum/mathext v0.0.0-20181121095525-8a4bf007ea55 h1:Ajwn2ENgC/pKtVat0LEHEWNa4a4VGyYJ1feGSccOzFU=
github.com/gonum/mathext v0.0.0-20181121095525-8a4bf007ea55/go.mod h1:fmo8aiSEWkJeiGXUJf+sPvuDgEFgqIoZSs843ePKrGg=
github.com/gonum/matrix v0.0.0-20181209220409-c518dec07be9 h1:V2IgdyerlBa/MxaEFRbV5juy/C3MGdj4ePi+g6ePIp4=
github.com/gonum/matrix v0.0.0-20181209220409-c518dec07be9/go.mod h1:0EXg4mc1CNP0HCqCz+K4ts155PXIlUywf0wqN+GfPZw=
github.com/gonum/stat v0.0.0-20181125101827-41a0da705a5b h1:fbskpz/cPqWH8VqkQ7LJghFkl2KPAiIFUHrTJ2O3RGk=
github.com/gonum/stat v0.0.0-20181125101827-41a0da705a5b/go.mod h1:Z4GIJBJO3Wa4gD4vbwQxXXZ+WHmW6E9ixmNrwvs0iZs=
